
Microsoft Visual Studio Solution File, Format Version 12.00
# Visual Studio Version 17
VisualStudioVersion = 17.5.33414.496
MinimumVisualStudioVersion = 10.0.40219.1
Project("{FAE04EC0-301F-11D3-BF4B-00C04F79EFBC}") = "Upload-Folder-MVC", "Upload-Folder-MVC.csproj", "{AC5CD5C1-3F56-417A-AF79-C5B9D4C12DB9}"
EndProject
Global
	GlobalSection(SolutionConfigurationPlatforms) = preSolution
		Debug|Any CPU = Debug|Any CPU
		Release|Any CPU = Release|Any CPU
	EndGlobalSection
	GlobalSection(ProjectConfigurationPlatforms) = postSolution
		{AC5CD5C1-3F56-417A-AF79-C5B9D4C12DB9}.Debug|Any CPU.ActiveCfg = Debug|Any CPU
		{AC5CD5C1-3F56-417A-AF79-C5B9D4C12DB9}.Debug|Any CPU.Build.0 = Debug|Any CPU
		{AC5CD5C1-3F56-417A-AF79-C5B9D4C12DB9}.Release|Any CPU.ActiveCfg = Release|Any CPU
		{AC5CD5C1-3F56-417A-AF79-C5B9D4C12DB9}.Release|Any CPU.Build.0 = Release|Any CPU
	EndGlobalSection
	GlobalSection(SolutionProperties) = preSolution
		HideSolutionNode = FALSE
	EndGlobalSection
	GlobalSection(ExtensibilityGlobals) = postSolution
		SolutionGuid = {74F2B17D-FC6E-4BCF-86C6-6DAB87AACC0A}
	EndGlobalSection
EndGlobal
